<?xml version="1.0" encoding="utf-8"?>
<Project ToolsVersion="4.0" xmlns="http://schemas.microsoft.com/developer/msbuild/2003">
  <ItemGroup>
    <Filter Include="Source Files">
      <UniqueIdentifier>{4FC737F1-C7A5-4376-A066-2A32D752A2FF}</UniqueIdentifier>
      <Extensions>cpp;c;cc;cxx;c++;cppm;ixx;def;odl;idl;hpj;bat;asm;asmx</Extensions>
    </Filter>
    <Filter Include="Header Files">
      <UniqueIdentifier>{93995380-89BD-4b04-88EB-625FBE52EBFB}</UniqueIdentifier>
      <Extensions>h;hh;hpp;hxx;h++;hm;inl;inc;ipp;xsd</Extensions>
    </Filter>
    <Filter Include="Resource Files">
      <UniqueIdentifier>{67DA6AB6-F800-4c08-8B7A-83BB121AAD01}</UniqueIdentifier>
      <Extensions>rc;ico;cur;bmp;dlg;rc2;rct;bin;rgs;gif;jpg;jpeg;jpe;resx;tiff;tif;png;wav;mfcribbon-ms</Extensions>
    </Filter>
  </ItemGroup>
  <ItemGroup>
    <ClInclude Include="Strategy\Duck.h">
      <Filter>Header Files</Filter>
    </ClInclude>
    <ClInclude Include="Strategy\DuckBehaviors.h">
      <Filter>Header Files</Filter>
    </ClInclude>
    <ClInclude Include="Strategy\DuckBehaviorsImpl.h">
      <Filter>Header Files</Filter>
    </ClInclude>
    <ClInclude Include="Strategy\Ducks.h">
      <Filter>Header Files</Filter>
    </ClInclude>
    <ClInclude Include="Observer\IObserver.h">
      <Filter>Header Files</Filter>
    </ClInclude>
    <ClInclude Include="Observer\ISubject.h">
      <Filter>Header Files</Filter>
    </ClInclude>
    <ClInclude Include="Observer\Weather Station\WeatherData.h">
      <Filter>Header Files</Filter>
    </ClInclude>
    <ClInclude Include="Observer\Weather Station\IDisplayElement.h">
      <Filter>Header Files</Filter>
    </ClInclude>
    <ClInclude Include="Observer\Weather Station\WeatherDisplays.h">
      <Filter>Header Files</Filter>
    </ClInclude>
    <ClInclude Include="Decorator\Beverage.h">
      <Filter>Header Files</Filter>
    </ClInclude>
    <ClInclude Include="Decorator\Coffee.h">
      <Filter>Header Files</Filter>
    </ClInclude>
    <ClInclude Include="Decorator\CondimentDecorator.h">
      <Filter>Header Files</Filter>
    </ClInclude>
    <ClInclude Include="Decorator\CoffeeDecorators.h">
      <Filter>Header Files</Filter>
    </ClInclude>
    <ClInclude Include="Factory\Pizza.h">
      <Filter>Header Files</Filter>
    </ClInclude>
    <ClInclude Include="Factory\PizzaStore.h">
      <Filter>Header Files</Filter>
    </ClInclude>
    <ClInclude Include="Factory\PizzaIngredientFactory.h">
      <Filter>Header Files</Filter>
    </ClInclude>
    <ClInclude Include="Factory\PizzaIngredients.h">
      <Filter>Header Files</Filter>
    </ClInclude>
    <ClInclude Include="Singleton\Singleton.h">
      <Filter>Header Files</Filter>
    </ClInclude>
    <ClInclude Include="Command\Command.h">
      <Filter>Header Files</Filter>
    </ClInclude>
    <ClInclude Include="Command\Remotes.h">
      <Filter>Header Files</Filter>
    </ClInclude>
    <ClInclude Include="Command\RemoteControl.h">
      <Filter>Header Files</Filter>
    </ClInclude>
    <ClInclude Include="Adapter\Turkey.h">
      <Filter>Header Files</Filter>
    </ClInclude>
    <ClInclude Include="Adapter\TurkeyAdapter.h">
      <Filter>Header Files</Filter>
    </ClInclude>
    <ClInclude Include="Template Pattern\CaffeineBeverage.h">
      <Filter>Header Files</Filter>
    </ClInclude>
    <ClInclude Include="Iterator\Iterator.h">
      <Filter>Header Files</Filter>
    </ClInclude>
    <ClInclude Include="State\GumballMachine.h">
      <Filter>Header Files</Filter>
    </ClInclude>
    <ClInclude Include="State\MachineStates.h">
      <Filter>Header Files</Filter>
    </ClInclude>
    <ClInclude Include="Proxy\GumballMonitor.h">
      <Filter>Header Files</Filter>
    </ClInclude>
    <ClInclude Include="Proxy\ProxySubject.h">
      <Filter>Header Files</Filter>
    </ClInclude>
    <ClInclude Include="Compound\Ducks.h">
      <Filter>Header Files</Filter>
    </ClInclude>
    <ClInclude Include="Compound\Goose.h">
      <Filter>Header Files</Filter>
    </ClInclude>
    <ClInclude Include="Compound\QuackCounter.h">
      <Filter>Header Files</Filter>
    </ClInclude>
    <ClInclude Include="Compound\Quackable.h">
      <Filter>Header Files</Filter>
    </ClInclude>
    <ClInclude Include="Compound\DuckFactory.h">
      <Filter>Header Files</Filter>
    </ClInclude>
    <ClInclude Include="Compound\Flock.h">
      <Filter>Header Files</Filter>
    </ClInclude>
    <ClInclude Include="Compound\QuackObservable.h">
      <Filter>Header Files</Filter>
    </ClInclude>
    <ClInclude Include="Compound\Quackologist.h">
      <Filter>Header Files</Filter>
    </ClInclude>
    <ClInclude Include="Adapter\Duck.h">
      <Filter>Header Files</Filter>
    </ClInclude>
  </ItemGroup>
  <ItemGroup>
    <ClCompile Include="Strategy\DucksTest.cpp">
      <Filter>Source Files</Filter>
    </ClCompile>
    <ClCompile Include="Observer\ObserverMain.cpp">
      <Filter>Source Files</Filter>
    </ClCompile>
    <ClCompile Include="Decorator\DecoratorMain.cpp">
      <Filter>Source Files</Filter>
    </ClCompile>
    <ClCompile Include="Factory\FactoryMain.cpp">
      <Filter>Source Files</Filter>
    </ClCompile>
    <ClCompile Include="Singleton\SingletonMain.cpp">
      <Filter>Source Files</Filter>
    </ClCompile>
    <ClCompile Include="Command\RemoteControlMain.cpp">
      <Filter>Source Files</Filter>
    </ClCompile>
    <ClCompile Include="Command\RemoteControl.cpp">
      <Filter>Source Files</Filter>
    </ClCompile>
    <ClCompile Include="Adapter\AdapterMain.cpp">
      <Filter>Source Files</Filter>
    </ClCompile>
    <ClCompile Include="Template Pattern\TemplateMain.cpp">
      <Filter>Source Files</Filter>
    </ClCompile>
    <ClCompile Include="Iterator\IteratorMain.cpp">
      <Filter>Source Files</Filter>
    </ClCompile>
    <ClCompile Include="State\GumballMachine.cpp">
      <Filter>Source Files</Filter>
    </ClCompile>
    <ClCompile Include="State\StateMain.cpp">
      <Filter>Source Files</Filter>
    </ClCompile>
    <ClCompile Include="Proxy\GumballMonitor.cpp">
      <Filter>Source Files</Filter>
    </ClCompile>
    <ClCompile Include="State\MachineStates.cpp">
      <Filter>Source Files</Filter>
    </ClCompile>
    <ClCompile Include="Proxy\ProxyMain.cpp">
      <Filter>Source Files</Filter>
    </ClCompile>
    <ClCompile Include="Compound\DuckSimulator.cpp">
      <Filter>Source Files</Filter>
    </ClCompile>
    <ClCompile Include="Compound\Flock.cpp">
      <Filter>Source Files</Filter>
    </ClCompile>
    <ClCompile Include="Compound\QuackObservable.cpp">
      <Filter>Source Files</Filter>
    </ClCompile>
    <ClCompile Include="Template Pattern\CaffeineBeverage.cpp">
      <Filter>Source Files</Filter>
    </ClCompile>
    <ClCompile Include="Observer\Weather Station\WeatherData.cpp">
      <Filter>Source Files</Filter>
    </ClCompile>
    <ClCompile Include="Observer\Weather Station\WeatherDisplays.cpp">
      <Filter>Source Files</Filter>
    </ClCompile>
  </ItemGroup>
</Project>